# THIS IS AN AUTOGENERATED FILE. DO NOT EDIT THIS FILE DIRECTLY.
# yarn lockfile v1


number-to-words@^1.2.4:
  version "1.2.4"
  resolved "https://registry.yarnpkg.com/number-to-words/-/number-to-words-1.2.4.tgz#e0f124de9628f8d86c4eeb89bac6c07699264501"
  integrity sha512-/fYevVkXRcyBiZDg6yzZbm0RuaD6i0qRfn8yr+6D0KgBMOndFPxuW10qCHpzs50nN8qKuv78k8MuotZhcVX6Pw==
